
Microsoft Visual Studio Solution File, Format Version 12.00
# Visual Studio Version 16
VisualStudioVersion = 16.0.31205.134
MinimumVisualStudioVersion = 10.0.40219.1
Project("{FAE04EC0-301F-11D3-BF4B-00C04F79EFBC}") = "Hey World", "Hey World\Hey World.csproj", "{892D6B56-3298-4CCE-9128-0904C00EDC27}"
EndProject
Global
	GlobalSection(SolutionConfigurationPlatforms) = preSolution
		Debug|Any CPU = Debug|Any CPU
		Release|Any CPU = Release|Any CPU
	EndGlobalSection
	GlobalSection(ProjectConfigurationPlatforms) = postSolution
		{892D6B56-3298-4CCE-9128-0904C00EDC27}.Debug|Any CPU.ActiveCfg = Debug|Any CPU
		{892D6B56-3298-4CCE-9128-0904C00EDC27}.Debug|Any CPU.Build.0 = Debug|Any CPU
		{892D6B56-3298-4CCE-9128-0904C00EDC27}.Release|Any CPU.ActiveCfg = Release|Any CPU
		{892D6B56-3298-4CCE-9128-0904C00EDC27}.Release|Any CPU.Build.0 = Release|Any CPU
	EndGlobalSection
	GlobalSection(SolutionProperties) = preSolution
		HideSolutionNode = FALSE
	EndGlobalSection
	GlobalSection(ExtensibilityGlobals) = postSolution
		SolutionGuid = {108E29BC-6667-42F2-BDDA-FBDF008E9AD2}
	EndGlobalSection
EndGlobal
