
Microsoft Visual Studio Solution File, Format Version 12.00
# Visual Studio Version 16
VisualStudioVersion = 16.0.31205.134
MinimumVisualStudioVersion = 10.0.40219.1
Project("{FAE04EC0-301F-11D3-BF4B-00C04F79EFBC}") = "Insurance Approval", "Insurance Approval\Insurance Approval.csproj", "{1D288B28-17D9-4966-8D6A-C9BBF9CE7201}"
EndProject
Global
	GlobalSection(SolutionConfigurationPlatforms) = preSolution
		Debug|Any CPU = Debug|Any CPU
		Release|Any CPU = Release|Any CPU
	EndGlobalSection
	GlobalSection(ProjectConfigurationPlatforms) = postSolution
		{1D288B28-17D9-4966-8D6A-C9BBF9CE7201}.Debug|Any CPU.ActiveCfg = Debug|Any CPU
		{1D288B28-17D9-4966-8D6A-C9BBF9CE7201}.Debug|Any CPU.Build.0 = Debug|Any CPU
		{1D288B28-17D9-4966-8D6A-C9BBF9CE7201}.Release|Any CPU.ActiveCfg = Release|Any CPU
		{1D288B28-17D9-4966-8D6A-C9BBF9CE7201}.Release|Any CPU.Build.0 = Release|Any CPU
	EndGlobalSection
	GlobalSection(SolutionProperties) = preSolution
		HideSolutionNode = FALSE
	EndGlobalSection
	GlobalSection(ExtensibilityGlobals) = postSolution
		SolutionGuid = {5FB5462C-5C1A-4FFD-8EC7-330215D1B002}
	EndGlobalSection
EndGlobal
