
Microsoft Visual Studio Solution File, Format Version 12.00
# Visual Studio Version 16
VisualStudioVersion = 16.0.31205.134
MinimumVisualStudioVersion = 10.0.40219.1
Project("{FAE04EC0-301F-11D3-BF4B-00C04F79EFBC}") = "AbstractClassSubmission1", "AbstractClassSubmission1\AbstractClassSubmission1.csproj", "{8E4F7839-7DD1-46C2-A456-E4A19BF37EDD}"
EndProject
Global
	GlobalSection(SolutionConfigurationPlatforms) = preSolution
		Debug|Any CPU = Debug|Any CPU
		Release|Any CPU = Release|Any CPU
	EndGlobalSection
	GlobalSection(ProjectConfigurationPlatforms) = postSolution
		{8E4F7839-7DD1-46C2-A456-E4A19BF37EDD}.Debug|Any CPU.ActiveCfg = Debug|Any CPU
		{8E4F7839-7DD1-46C2-A456-E4A19BF37EDD}.Debug|Any CPU.Build.0 = Debug|Any CPU
		{8E4F7839-7DD1-46C2-A456-E4A19BF37EDD}.Release|Any CPU.ActiveCfg = Release|Any CPU
		{8E4F7839-7DD1-46C2-A456-E4A19BF37EDD}.Release|Any CPU.Build.0 = Release|Any CPU
	EndGlobalSection
	GlobalSection(SolutionProperties) = preSolution
		HideSolutionNode = FALSE
	EndGlobalSection
	GlobalSection(ExtensibilityGlobals) = postSolution
		SolutionGuid = {4FEE4EB1-60C5-4858-8188-2EE7E9AE0678}
	EndGlobalSection
EndGlobal
