
Microsoft Visual Studio Solution File, Format Version 12.00
# Visual Studio Version 16
VisualStudioVersion = 16.0.31205.134
MinimumVisualStudioVersion = 10.0.40219.1
Project("{FAE04EC0-301F-11D3-BF4B-00C04F79EFBC}") = "Package Express Quote", "Package Express Quote\Package Express Quote.csproj", "{1CFD58F4-940D-432A-A967-986912816DAE}"
EndProject
Global
	GlobalSection(SolutionConfigurationPlatforms) = preSolution
		Debug|Any CPU = Debug|Any CPU
		Release|Any CPU = Release|Any CPU
	EndGlobalSection
	GlobalSection(ProjectConfigurationPlatforms) = postSolution
		{1CFD58F4-940D-432A-A967-986912816DAE}.Debug|Any CPU.ActiveCfg = Debug|Any CPU
		{1CFD58F4-940D-432A-A967-986912816DAE}.Debug|Any CPU.Build.0 = Debug|Any CPU
		{1CFD58F4-940D-432A-A967-986912816DAE}.Release|Any CPU.ActiveCfg = Release|Any CPU
		{1CFD58F4-940D-432A-A967-986912816DAE}.Release|Any CPU.Build.0 = Release|Any CPU
	EndGlobalSection
	GlobalSection(SolutionProperties) = preSolution
		HideSolutionNode = FALSE
	EndGlobalSection
	GlobalSection(ExtensibilityGlobals) = postSolution
		SolutionGuid = {7291E85D-96BA-486F-952B-7EFFAFA5C8EC}
	EndGlobalSection
EndGlobal
