
Microsoft Visual Studio Solution File, Format Version 12.00
# Visual Studio Version 16
VisualStudioVersion = 16.0.31205.134
MinimumVisualStudioVersion = 10.0.40219.1
Project("{FAE04EC0-301F-11D3-BF4B-00C04F79EFBC}") = "DateTime", "DateTime\DateTime.csproj", "{004AD470-4EF9-46D5-B9D7-55D87DE3894F}"
EndProject
Global
	GlobalSection(SolutionConfigurationPlatforms) = preSolution
		Debug|Any CPU = Debug|Any CPU
		Release|Any CPU = Release|Any CPU
	EndGlobalSection
	GlobalSection(ProjectConfigurationPlatforms) = postSolution
		{004AD470-4EF9-46D5-B9D7-55D87DE3894F}.Debug|Any CPU.ActiveCfg = Debug|Any CPU
		{004AD470-4EF9-46D5-B9D7-55D87DE3894F}.Debug|Any CPU.Build.0 = Debug|Any CPU
		{004AD470-4EF9-46D5-B9D7-55D87DE3894F}.Release|Any CPU.ActiveCfg = Release|Any CPU
		{004AD470-4EF9-46D5-B9D7-55D87DE3894F}.Release|Any CPU.Build.0 = Release|Any CPU
	EndGlobalSection
	GlobalSection(SolutionProperties) = preSolution
		HideSolutionNode = FALSE
	EndGlobalSection
	GlobalSection(ExtensibilityGlobals) = postSolution
		SolutionGuid = {4F4929A8-52CE-42DC-9F7C-F6B03A5D2BC6}
	EndGlobalSection
EndGlobal
