
Microsoft Visual Studio Solution File, Format Version 12.00
# Visual Studio Version 16
VisualStudioVersion = 16.0.31205.134
MinimumVisualStudioVersion = 10.0.40219.1
Project("{FAE04EC0-301F-11D3-BF4B-00C04F79EFBC}") = "WebApplication2", "WebApplication2\WebApplication2.csproj", "{02198E03-FE14-4A31-9B0D-57FDB0F6A684}"
EndProject
Global
	GlobalSection(SolutionConfigurationPlatforms) = preSolution
		Debug|Any CPU = Debug|Any CPU
		Release|Any CPU = Release|Any CPU
	EndGlobalSection
	GlobalSection(ProjectConfigurationPlatforms) = postSolution
		{02198E03-FE14-4A31-9B0D-57FDB0F6A684}.Debug|Any CPU.ActiveCfg = Debug|Any CPU
		{02198E03-FE14-4A31-9B0D-57FDB0F6A684}.Debug|Any CPU.Build.0 = Debug|Any CPU
		{02198E03-FE14-4A31-9B0D-57FDB0F6A684}.Release|Any CPU.ActiveCfg = Release|Any CPU
		{02198E03-FE14-4A31-9B0D-57FDB0F6A684}.Release|Any CPU.Build.0 = Release|Any CPU
	EndGlobalSection
	GlobalSection(SolutionProperties) = preSolution
		HideSolutionNode = FALSE
	EndGlobalSection
	GlobalSection(ExtensibilityGlobals) = postSolution
		SolutionGuid = {492A6487-5BEB-426B-A2AB-2C4C3892922E}
	EndGlobalSection
EndGlobal
